// !$*UTF8*$!
{
	archiveVersion = 1;
	classes = {
	};
	objectVersion = 46;
	objects = {

/* Begin PBXBuildFile section */
		34EA08581B2241A3006DABBC /* main.m in Sources */ = {isa = PBXBuildFile; fileRef = 34EA08571B2241A3006DABBC /* main.m */; };
		34EA085B1B2241A3006DABBC /* AppDelegate.m in Sources */ = {isa = PBXBuildFile; fileRef = 34EA085A1B2241A3006DABBC /* AppDelegate.m */; };
		34EA085E1B2241A3006DABBC /* ViewController.m in Sources */ = {isa = PBXBuildFile; fileRef = 34EA085D1B2241A3006DABBC /* ViewController.m */; };
		34EA08611B2241A3006DABBC /* Main.storyboard in Resources */ = {isa = PBXBuildFile; fileRef = 34EA085F1B2241A3006DABBC /* Main.storyboard */; };
		34EA08631B2241A3006DABBC /* Images.xcassets in Resources */ = {isa = PBXBuildFile; fileRef = 34EA08621B2241A3006DABBC /* Images.xcassets */; };
		34EA08661B2241A3006DABBC /* LaunchScreen.xib in Resources */ = {isa = PBXBuildFile; fileRef = 34EA08641B2241A3006DABBC /* LaunchScreen.xib */; };
		34EA08721B2241A3006DABBC /* iTunesBasicSearchTests.m in Sources */ = {isa = PBXBuildFile; fileRef = 34EA08711B2241A3006DABBC /* iTunesBasicSearchTests.m */; };
/* End PBXBuildFile section */

/* Begin PBXContainerItemProxy section */
		34EA086C1B2241A3006DABBC /* PBXContainerItemProxy */ = {
			isa = PBXContainerItemProxy;
			containerPortal = 34EA084A1B2241A3006DABBC /* Project object */;
			proxyType = 1;
			remoteGlobalIDString = 34EA08511B2241A3006DABBC;
			remoteInfo = iTunesBasicSearch;
		};
/* End PBXContainerItemProxy section */

/* Begin PBXFileReference section */
		34EA08521B2241A3006DABBC /* iTunesBasicSearch.app */ = {isa = PBXFileReference; explicitFileType = wrapper.application; includeInIndex = 0; path = iTunesBasicSearch.app; sourceTree = BUILT_PRODUCTS_DIR; };
		34EA08561B2241A3006DABBC /* Info.plist */ = {isa = PBXFileReference; lastKnownFileType = text.plist.xml; path = Info.plist; sourceTree = "<group>"; };
		34EA08571B2241A3006DABBC /* main.m */ = {isa = PBXFileReference; lastKnownFileType = sourcecode.c.objc; path = main.m; sourceTree = "<group>"; };
		34EA08591B2241A3006DABBC /* AppDelegate.h */ = {isa = PBXFileReference; lastKnownFileType = sourcecode.c.h; path = AppDelegate.h; sourceTree = "<group>"; };
		34EA085A1B2241A3006DABBC /* AppDelegate.m */ = {isa = PBXFileReference; lastKnownFileType = sourcecode.c.objc; path = AppDelegate.m; sourceTree = "<group>"; };
		34EA085C1B2241A3006DABBC /* ViewController.h */ = {isa = PBXFileReference; lastKnownFileType = sourcecode.c.h; path = ViewController.h; sourceTree = "<group>"; };
		34EA085D1B2241A3006DABBC /* ViewController.m */ = {isa = PBXFileReference; lastKnownFileType = sourcecode.c.objc; path = ViewController.m; sourceTree = "<group>"; };
		34EA08601B2241A3006DABBC /* Base */ = {isa = PBXFileReference; lastKnownFileType = file.storyboard; name = Base; path = Base.lproj/Main.storyboard; sourceTree = "<group>"; };
		34EA08621B2241A3006DABBC /* Images.xcassets */ = {isa = PBXFileReference; lastKnownFileType = folder.assetcatalog; path = Images.xcassets; sourceTree = "<group>"; };
		34EA08651B2241A3006DABBC /* Base */ = {isa = PBXFileReference; lastKnownFileType = file.xib; name = Base; path = Base.lproj/LaunchScreen.xib; sourceTree = "<group>"; };
		34EA086B1B2241A3006DABBC /* iTunesBasicSearchTests.xctest */ = {isa = PBXFileReference; explicitFileType = wrapper.cfbundle; includeInIndex = 0; path = iTunesBasicSearchTests.xctest; sourceTree = BUILT_PRODUCTS_DIR; };
		34EA08701B2241A3006DABBC /* Info.plist */ = {isa = PBXFileReference; lastKnownFileType = text.plist.xml; path = Info.plist; sourceTree = "<group>"; };
		34EA08711B2241A3006DABBC /* iTunesBasicSearchTests.m */ = {isa = PBXFileReference; lastKnownFileType = sourcecode.c.objc; path = iTunesBasicSearchTests.m; sourceTree = "<group>"; };
/* End PBXFileReference section */

/* Begin PBXFrameworksBuildPhase section */
		34EA084F1B2241A3006DABBC /* Frameworks */ = {
			isa = PBXFrameworksBuildPhase;
			buildActionMask = 2147483647;
			files = (
			);
			runOnlyForDeploymentPostprocessing = 0;
		};
		34EA08681B2241A3006DABBC /* Frameworks */ = {
			isa = PBXFrameworksBuildPhase;
			buildActionMask = 2147483647;
			files = (
			);
			runOnlyForDeploymentPostprocessing = 0;
		};
/* End PBXFrameworksBuildPhase section */

/* Begin PBXGroup section */
		34EA08491B2241A3006DABBC = {
			isa = PBXGroup;
			children = (
				34EA08541B2241A3006DABBC /* iTunesBasicSearch */,
				34EA086E1B2241A3006DABBC /* iTunesBasicSearchTests */,
				34EA08531B2241A3006DABBC /* Products */,
			);
			sourceTree = "<group>";
		};
		34EA08531B2241A3006DABBC /* Products */ = {
			isa = PBXGroup;
			children = (
				34EA08521B2241A3006DABBC /* iTunesBasicSearch.app */,
				34EA086B1B2241A3006DABBC /* iTunesBasicSearchTests.xctest */,
			);
			name = Products;
			sourceTree = "<group>";
		};
		34EA08541B2241A3006DABBC /* iTunesBasicSearch */ = {
			isa = PBXGroup;
			children = (
				34EA08591B2241A3006DABBC /* AppDelegate.h */,
				34EA085A1B2241A3006DABBC /* AppDelegate.m */,
				34EA085C1B2241A3006DABBC /* ViewController.h */,
				34EA085D1B2241A3006DABBC /* ViewController.m */,
				34EA085F1B2241A3006DABBC /* Main.storyboard */,
				34EA08621B2241A3006DABBC /* Images.xcassets */,
				34EA08641B2241A3006DABBC /* LaunchScreen.xib */,
				34EA08551B2241A3006DABBC /* Supporting Files */,
			);
			path = iTunesBasicSearch;
			sourceTree = "<group>";
		};
		34EA08551B2241A3006DABBC /* Supporting Files */ = {
			isa = PBXGroup;
			children = (
				34EA08561B2241A3006DABBC /* Info.plist */,
				34EA08571B2241A3006DABBC /* main.m */,
			);
			name = "Supporting Files";
			sourceTree = "<group>";
		};
		34EA086E1B2241A3006DABBC /* iTunesBasicSearchTests */ = {
			isa = PBXGroup;
			children = (
				34EA08711B2241A3006DABBC /* iTunesBasicSearchTests.m */,
				34EA086F1B2241A3006DABBC /* Supporting Files */,
			);
			path = iTunesBasicSearchTests;
			sourceTree = "<group>";
		};
		34EA086F1B2241A3006DABBC /* Supporting Files */ = {
			isa = PBXGroup;
			children = (
				34EA08701B2241A3006DABBC /* Info.plist */,
			);
			name = "Supporting Files";
			sourceTree = "<group>";
		};
/* End PBXGroup section */

/* Begin PBXNativeTarget section */
		34EA08511B2241A3006DABBC /* iTunesBasicSearch */ = {
			isa = PBXNativeTarget;
			buildConfigurationList = 34EA08751B2241A3006DABBC /* Build configuration list for PBXNativeTarget "iTunesBasicSearch" */;
			buildPhases = (
				34EA084E1B2241A3006DABBC /* Sources */,
				34EA084F1B2241A3006DABBC /* Frameworks */,
				34EA08501B2241A3006DABBC /* Resources */,
			);
			buildRules = (
			);
			dependencies = (
			);
			name = iTunesBasicSearch;
			productName = iTunesBasicSearch;
			productReference = 34EA08521B2241A3006DABBC /* iTunesBasicSearch.app */;
			productType = "com.apple.product-type.application";
		};
		34EA086A1B2241A3006DABBC /* iTunesBasicSearchTests */ = {
			isa = PBXNativeTarget;
			buildConfigurationList = 34EA08781B2241A3006DABBC /* Build configuration list for PBXNativeTarget "iTunesBasicSearchTests" */;
			buildPhases = (
				34EA08671B2241A3006DABBC /* Sources */,
				34EA08681B2241A3006DABBC /* Frameworks */,
				34EA08691B2241A3006DABBC /* Resources */,
			);
			buildRules = (
			);
			dependencies = (
				34EA086D1B2241A3006DABBC /* PBXTargetDependency */,
			);
			name = iTunesBasicSearchTests;
			productName = iTunesBasicSearchTests;
			productReference = 34EA086B1B2241A3006DABBC /* iTunesBasicSearchTests.xctest */;
			productType = "com.apple.product-type.bundle.unit-test";
		};
/* End PBXNativeTarget section */

/* Begin PBXProject section */
		34EA084A1B2241A3006DABBC /* Project object */ = {
			isa = PBXProject;
			attributes = {
				LastUpgradeCheck = 0630;
				ORGANIZATIONNAME = DevMountain;
				TargetAttributes = {
					34EA08511B2241A3006DABBC = {
						CreatedOnToolsVersion = 6.3;
					};
					34EA086A1B2241A3006DABBC = {
						CreatedOnToolsVersion = 6.3;
						TestTargetID = 34EA08511B2241A3006DABBC;
					};
				};
			};
			buildConfigurationList = 34EA084D1B2241A3006DABBC /* Build configuration list for PBXProject "iTunesBasicSearch" */;
			compatibilityVersion = "Xcode 3.2";
			developmentRegion = English;
			hasScannedForEncodings = 0;
			knownRegions = (
				en,
				Base,
			);
			mainGroup = 34EA08491B2241A3006DABBC;
			productRefGroup = 34EA08531B2241A3006DABBC /* Products */;
			projectDirPath = "";
			projectRoot = "";
			targets = (
				34EA08511B2241A3006DABBC /* iTunesBasicSearch */,
				34EA086A1B2241A3006DABBC /* iTunesBasicSearchTests */,
			);
		};
/* End PBXProject section */

/* Begin PBXResourcesBuildPhase section */
		34EA08501B2241A3006DABBC /* Resources */ = {
			isa = PBXResourcesBuildPhase;
			buildActionMask = 2147483647;
			files = (
				34EA08611B2241A3006DABBC /* Main.storyboard in Resources */,
				34EA08661B2241A3006DABBC /* LaunchScreen.xib in Resources */,
				34EA08631B2241A3006DABBC /* Images.xcassets in Resources */,
			);
			runOnlyForDeploymentPostprocessing = 0;
		};
		34EA08691B2241A3006DABBC /* Resources */ = {
			isa = PBXResourcesBuildPhase;
			buildActionMask = 2147483647;
			files = (
			);
			runOnlyForDeploymentPostprocessing = 0;
		};
/* End PBXResourcesBuildPhase section */

/* Begin PBXSourcesBuildPhase section */
		34EA084E1B2241A3006DABBC /* Sources */ = {
			isa = PBXSourcesBuildPhase;
			buildActionMask = 2147483647;
			files = (
				34EA085E1B2241A3006DABBC /* ViewController.m in Sources */,
				34EA085B1B2241A3006DABBC /* AppDelegate.m in Sources */,
				34EA08581B2241A3006DABBC /* main.m in Sources */,
			);
			runOnlyForDeploymentPostprocessing = 0;
		};
		34EA08671B2241A3006DABBC /* Sources */ = {
			isa = PBXSourcesBuildPhase;
			buildActionMask = 2147483647;
			files = (
				34EA08721B2241A3006DABBC /* iTunesBasicSearchTests.m in Sources */,
			);
			runOnlyForDeploymentPostprocessing = 0;
		};
/* End PBXSourcesBuildPhase section */

/* Begin PBXTargetDependency section */
		34EA086D1B2241A3006DABBC /* PBXTargetDependency */ = {
			isa = PBXTargetDependency;
			target = 34EA08511B2241A3006DABBC /* iTunesBasicSearch */;
			targetProxy = 34EA086C1B2241A3006DABBC /* PBXContainerItemProxy */;
		};
/* End PBXTargetDependency section */

/* Begin PBXVariantGroup section */
		34EA085F1B2241A3006DABBC /* Main.storyboard */ = {
			isa = PBXVariantGroup;
			children = (
				34EA08601B2241A3006DABBC /* Base */,
			);
			name = Main.storyboard;
			sourceTree = "<group>";
		};
		34EA08641B2241A3006DABBC /* LaunchScreen.xib */ = {
			isa = PBXVariantGroup;
			children = (
				34EA08651B2241A3006DABBC /* Base */,
			);
			name = LaunchScreen.xib;
			sourceTree = "<group>";
		};
/* End PBXVariantGroup section */

/* Begin XCBuildConfiguration section */
		34EA08731B2241A3006DABBC /* Debug */ = {
			isa = XCBuildConfiguration;
			buildSettings = {
				ALWAYS_SEARCH_USER_PATHS = NO;
				CLANG_CXX_LANGUAGE_STANDARD = "gnu++0x";
				CLANG_CXX_LIBRARY = "libc++";
				CLANG_ENABLE_MODULES = YES;
				CLANG_ENABLE_OBJC_ARC = YES;
				CLANG_WARN_BOOL_CONVERSION = YES;
				CLANG_WARN_CONSTANT_CONVERSION = YES;
				CLANG_WARN_DIRECT_OBJC_ISA_USAGE = YES_ERROR;
				CLANG_WARN_EMPTY_BODY = YES;
				CLANG_WARN_ENUM_CONVERSION = YES;
				CLANG_WARN_INT_CONVERSION = YES;
				CLANG_WARN_OBJC_ROOT_CLASS = YES_ERROR;
				CLANG_WARN_UNREACHABLE_CODE = YES;
				CLANG_WARN__DUPLICATE_METHOD_MATCH = YES;
				"CODE_SIGN_IDENTITY[sdk=iphoneos*]" = "iPhone Developer";
				COPY_PHASE_STRIP = NO;
				DEBUG_INFORMATION_FORMAT = "dwarf-with-dsym";
				ENABLE_STRICT_OBJC_MSGSEND = YES;
				GCC_C_LANGUAGE_STANDARD = gnu99;
				GCC_DYNAMIC_NO_PIC = NO;
				GCC_NO_COMMON_BLOCKS = YES;
				GCC_OPTIMIZATION_LEVEL = 0;
				GCC_PREPROCESSOR_DEFINITIONS = (
					"DEBUG=1",
					"$(inherited)",
				);
				GCC_SYMBOLS_PRIVATE_EXTERN = NO;
				GCC_WARN_64_TO_32_BIT_CONVERSION = YES;
				GCC_WARN_ABOUT_RETURN_TYPE = YES_ERROR;
				GCC_WARN_UNDECLARED_SELECTOR = YES;
				GCC_WARN_UNINITIALIZED_AUTOS = YES_AGGRESSIVE;
				GCC_WARN_UNUSED_FUNCTION = YES;
				GCC_WARN_UNUSED_VARIABLE = YES;
				IPHONEOS_DEPLOYMENT_TARGET = 8.3;
				MTL_ENABLE_DEBUG_INFO = YES;
				ONLY_ACTIVE_ARCH = YES;
				SDKROOT = iphoneos;
			};
			name = Debug;
		};
		34EA08741B2241A3006DABBC /* Release */ = {
			isa = XCBuildConfiguration;
			buildSettings = {
				ALWAYS_SEARCH_USER_PATHS = NO;
				CLANG_CXX_LANGUAGE_STANDARD = "gnu++0x";
				CLANG_CXX_LIBRARY = "libc++";
				CLANG_ENABLE_MODULES = YES;
				CLANG_ENABLE_OBJC_ARC = YES;
				CLANG_WARN_BOOL_CONVERSION = YES;
				CLANG_WARN_CONSTANT_CONVERSION = YES;
				CLANG_WARN_DIRECT_OBJC_ISA_USAGE = YES_ERROR;
				CLANG_WARN_EMPTY_BODY = YES;
				CLANG_WARN_ENUM_CONVERSION = YES;
				CLANG_WARN_INT_CONVERSION = YES;
				CLANG_WARN_OBJC_ROOT_CLASS = YES_ERROR;
				CLANG_WARN_UNREACHABLE_CODE = YES;
				CLANG_WARN__DUPLICATE_METHOD_MATCH = YES;
				"CODE_SIGN_IDENTITY[sdk=iphoneos*]" = "iPhone Developer";
				COPY_PHASE_STRIP = NO;
				DEBUG_INFORMATION_FORMAT = "dwarf-with-dsym";
				ENABLE_NS_ASSERTIONS = NO;
				ENABLE_STRICT_OBJC_MSGSEND = YES;
				GCC_C_LANGUAGE_STANDARD = gnu99;
				GCC_NO_COMMON_BLOCKS = YES;
				GCC_WARN_64_TO_32_BIT_CONVERSION = YES;
				GCC_WARN_ABOUT_RETURN_TYPE = YES_ERROR;
				GCC_WARN_UNDECLARED_SELECTOR = YES;
				GCC_WARN_UNINITIALIZED_AUTOS = YES_AGGRESSIVE;
				GCC_WARN_UNUSED_FUNCTION = YES;
				GCC_WARN_UNUSED_VARIABLE = YES;
				IPHONEOS_DEPLOYMENT_TARGET = 8.3;
				MTL_ENABLE_DEBUG_INFO = NO;
				SDKROOT = iphoneos;
				VALIDATE_PRODUCT = YES;
			};
			name = Release;
		};
		34EA08761B2241A3006DABBC /* Debug */ = {
			isa = XCBuildConfiguration;
			buildSettings = {
				ASSETCATALOG_COMPILER_APPICON_NAME = AppIcon;
				INFOPLIST_FILE = iTunesBasicSearch/Info.plist;
				LD_RUNPATH_SEARCH_PATHS = "$(inherited) @executable_path/Frameworks";
				PRODUCT_NAME = "$(TARGET_NAME)";
			};
			name = Debug;
		};
		34EA08771B2241A3006DABBC /* Release */ = {
			isa = XCBuildConfiguration;
			buildSettings = {
				ASSETCATALOG_COMPILER_APPICON_NAME = AppIcon;
				INFOPLIST_FILE = iTunesBasicSearch/Info.plist;
				LD_RUNPATH_SEARCH_PATHS = "$(inherited) @executable_path/Frameworks";
				PRODUCT_NAME = "$(TARGET_NAME)";
			};
			name = Release;
		};
		34EA08791B2241A3006DABBC /* Debug */ = {
			isa = XCBuildConfiguration;
			buildSettings = {
				BUNDLE_LOADER = "$(TEST_HOST)";
				FRAMEWORK_SEARCH_PATHS = (
					"$(SDKROOT)/Developer/Library/Frameworks",
					"$(inherited)",
				);
				GCC_PREPROCESSOR_DEFINITIONS = (
					"DEBUG=1",
					"$(inherited)",
				);
				INFOPLIST_FILE = iTunesBasicSearchTests/Info.plist;
				LD_RUNPATH_SEARCH_PATHS = "$(inherited) @executable_path/Frameworks @loader_path/Frameworks";
				PRODUCT_NAME = "$(TARGET_NAME)";
				TEST_HOST = "$(BUILT_PRODUCTS_DIR)/iTunesBasicSearch.app/iTunesBasicSearch";
			};
			name = Debug;
		};
		34EA087A1B2241A3006DABBC /* Release */ = {
			isa = XCBuildConfiguration;
			buildSettings = {
				BUNDLE_LOADER = "$(TEST_HOST)";
				FRAMEWORK_SEARCH_PATHS = (
					"$(SDKROOT)/Developer/Library/Frameworks",
					"$(inherited)",
				);
				INFOPLIST_FILE = iTunesBasicSearchTests/Info.plist;
				LD_RUNPATH_SEARCH_PATHS = "$(inherited) @executable_path/Frameworks @loader_path/Frameworks";
				PRODUCT_NAME = "$(TARGET_NAME)";
				TEST_HOST = "$(BUILT_PRODUCTS_DIR)/iTunesBasicSearch.app/iTunesBasicSearch";
			};
			name = Release;
		};
/* End XCBuildConfiguration section */

/* Begin XCConfigurationList section */
		34EA084D1B2241A3006DABBC /* Build configuration list for PBXProject "iTunesBasicSearch" */ = {
			isa = XCConfigurationList;
			buildConfigurations = (
				34EA08731B2241A3006DABBC /* Debug */,
				34EA08741B2241A3006DABBC /* Release */,
			);
			defaultConfigurationIsVisible = 0;
			defaultConfigurationName = Release;
		};
		34EA08751B2241A3006DABBC /* Build configuration list for PBXNativeTarget "iTunesBasicSearch" */ = {
			isa = XCConfigurationList;
			buildConfigurations = (
				34EA08761B2241A3006DABBC /* Debug */,
				34EA08771B2241A3006DABBC /* Release */,
			);
			defaultConfigurationIsVisible = 0;
		};
		34EA08781B2241A3006DABBC /* Build configuration list for PBXNativeTarget "iTunesBasicSearchTests" */ = {
			isa = XCConfigurationList;
			buildConfigurations = (
				34EA08791B2241A3006DABBC /* Debug */,
				34EA087A1B2241A3006DABBC /* Release */,
			);
			defaultConfigurationIsVisible = 0;
		};
/* End XCConfigurationList section */
	};
	rootObject = 34EA084A1B2241A3006DABBC /* Project object */;
}
